<?xml version="1.0" encoding="utf-8"?>
<Project ToolsVersion="4.0" xmlns="http://schemas.microsoft.com/developer/msbuild/2003">
  <ItemGroup>
    <Filter Include="源文件">
      <UniqueIdentifier>{4FC737F1-C7A5-4376-A066-2A32D752A2FF}</UniqueIdentifier>
      <Extensions>cpp;c;cc;cxx;c++;cppm;ixx;def;odl;idl;hpj;bat;asm;asmx</Extensions>
    </Filter>
    <Filter Include="资源文件">
      <UniqueIdentifier>{67DA6AB6-F800-4c08-8B7A-83BB121AAD01}</UniqueIdentifier>
      <Extensions>rc;ico;cur;bmp;dlg;rc2;rct;bin;rgs;gif;jpg;jpeg;jpe;resx;tiff;tif;png;wav;mfcribbon-ms</Extensions>
    </Filter>
    <Filter Include="头文件">
      <UniqueIdentifier>{93995380-89BD-4b04-88EB-625FBE52EBFB}</UniqueIdentifier>
      <Extensions>h;hh;hpp;hxx;h++;hm;inl;inc;ipp;xsd</Extensions>
    </Filter>
  </ItemGroup>
  <ItemGroup>
    <ClInclude Include="framework.h">
      <Filter>头文件</Filter>
    </ClInclude>
    <ClInclude Include="pch.h">
      <Filter>头文件</Filter>
    </ClInclude>
    <ClInclude Include="MyBoard.hpp">
      <Filter>头文件</Filter>
    </ClInclude>
    <ClInclude Include="MyZombie\MyZombie.hpp">
      <Filter>头文件</Filter>
    </ClInclude>
    <ClInclude Include="MyPlant\MyPlant.hpp">
      <Filter>头文件</Filter>
    </ClInclude>
    <ClInclude Include="MyPlant\PlantAbility.hpp">
      <Filter>头文件</Filter>
    </ClInclude>
    <ClInclude Include="MyPlant\implement\GoldMagnet.hpp">
      <Filter>头文件</Filter>
    </ClInclude>
    <ClInclude Include="MyPlant\implement\Index.hpp">
      <Filter>头文件</Filter>
    </ClInclude>
    <ClInclude Include="Const.hpp">
      <Filter>头文件</Filter>
    </ClInclude>
    <ClInclude Include="MyEvents.hpp">
      <Filter>头文件</Filter>
    </ClInclude>
    <ClInclude Include="MyPlant\implement\PuffShroom.hpp">
      <Filter>头文件</Filter>
    </ClInclude>
    <ClInclude Include="MyPlant\implement\SeaShroom.hpp">
      <Filter>头文件</Filter>
    </ClInclude>
    <ClInclude Include="MyPlant\implement\FumeShroom.hpp">
      <Filter>头文件</Filter>
    </ClInclude>
    <ClInclude Include="MyPlant\implement\Garlic.hpp">
      <Filter>头文件</Filter>
    </ClInclude>
    <ClInclude Include="MyPlant\implement\TallNut.hpp">
      <Filter>头文件</Filter>
    </ClInclude>
    <ClInclude Include="MyPlant\implement\CabbagePult.hpp">
      <Filter>头文件</Filter>
    </ClInclude>
    <ClInclude Include="MyPlant\implement\MagnetShroom.hpp">
      <Filter>头文件</Filter>
    </ClInclude>
    <ClInclude Include="MyPlant\implement\Threepeater.hpp">
      <Filter>头文件</Filter>
    </ClInclude>
    <ClInclude Include="MyPlant\implement\Repeater.hpp">
      <Filter>头文件</Filter>
    </ClInclude>
    <ClInclude Include="MyPlant\implement\Cattail.hpp">
      <Filter>头文件</Filter>
    </ClInclude>
    <ClInclude Include="MyPlant\implement\SunShroom.hpp">
      <Filter>头文件</Filter>
    </ClInclude>
    <ClInclude Include="MyPlant\implement\HypnoShroom.hpp">
      <Filter>头文件</Filter>
    </ClInclude>
    <ClInclude Include="MyPlant\implement\UmbrellaLeaf.hpp">
      <Filter>头文件</Filter>
    </ClInclude>
    <ClInclude Include="MyPlant\implement\Torchwood.hpp">
      <Filter>头文件</Filter>
    </ClInclude>
    <ClInclude Include="MyPlant\implement\LeftRepeater.hpp">
      <Filter>头文件</Filter>
    </ClInclude>
    <ClInclude Include="MyPlant\implement\ThymeWarp.hpp">
      <Filter>头文件</Filter>
    </ClInclude>
    <ClInclude Include="MyPlant\implement\Squash.hpp">
      <Filter>头文件</Filter>
    </ClInclude>
    <ClInclude Include="MyPlant\implement\Mangosteen.hpp">
      <Filter>头文件</Filter>
    </ClInclude>
    <ClInclude Include="MyPlant\implement\DarkShroom.hpp">
      <Filter>头文件</Filter>
    </ClInclude>
    <ClInclude Include="MyProjectile\MyProjectile.hpp">
      <Filter>头文件</Filter>
    </ClInclude>
    <ClInclude Include="MyPlant\implement\SpringEquinoxVine.hpp">
      <Filter>头文件</Filter>
    </ClInclude>
    <ClInclude Include="MyPlant\implement\DiamondShroom.hpp">
      <Filter>头文件</Filter>
    </ClInclude>
    <ClInclude Include="MyPlant\implement\MelonPult.hpp">
      <Filter>头文件</Filter>
    </ClInclude>
    <ClInclude Include="MyPlant\implement\Endoflame.hpp">
      <Filter>头文件</Filter>
    </ClInclude>
    <ClInclude Include="MyPlant\implement\GloomShroom.hpp">
      <Filter>头文件</Filter>
    </ClInclude>
    <ClInclude Include="MyPlant\implement\Marigold.hpp">
      <Filter>头文件</Filter>
    </ClInclude>
    <ClInclude Include="MyPlant\implement\SnowPea.hpp">
      <Filter>头文件</Filter>
    </ClInclude>
    <ClInclude Include="MyPlant\implement\IceShroom.hpp">
      <Filter>头文件</Filter>
    </ClInclude>
    <ClInclude Include="MyPlant\implement\SpikeRock.hpp">
      <Filter>头文件</Filter>
    </ClInclude>
    <ClInclude Include="MyPlant\implement\WallNut.hpp">
      <Filter>头文件</Filter>
    </ClInclude>
    <ClInclude Include="MyPlant\implement\Explode_O_Nut.hpp">
      <Filter>头文件</Filter>
    </ClInclude>
    <ClInclude Include="MyPlant\implement\Cactus.hpp">
      <Filter>头文件</Filter>
    </ClInclude>
    <ClInclude Include="MyPlant\implement\Plantern.hpp">
      <Filter>头文件</Filter>
    </ClInclude>
    <ClInclude Include="MyZombie\ZombieAbility.hpp">
      <Filter>头文件</Filter>
    </ClInclude>
    <ClInclude Include="MyZombie\implement\Index.hpp">
      <Filter>头文件</Filter>
    </ClInclude>
    <ClInclude Include="MyZombie\implement\Zomboni.hpp">
      <Filter>头文件</Filter>
    </ClInclude>
    <ClInclude Include="MyZombie\implement\PoleVaulter.hpp">
      <Filter>头文件</Filter>
    </ClInclude>
    <ClInclude Include="MyPlant\implement\ScaredyShroom.hpp">
      <Filter>头文件</Filter>
    </ClInclude>
    <ClInclude Include="MyZombie\implement\BungeeZombie.hpp">
      <Filter>头文件</Filter>
    </ClInclude>
    <ClInclude Include="MyZombie\implement\CatapultZombie.hpp">
      <Filter>头文件</Filter>
    </ClInclude>
    <ClInclude Include="MyZombie\implement\PogoZombie.hpp">
      <Filter>头文件</Filter>
    </ClInclude>
    <ClInclude Include="MyZombie\implement\DiggerZombie.hpp">
      <Filter>头文件</Filter>
    </ClInclude>
    <ClInclude Include="MyZombie\implement\DancingZombie.hpp">
      <Filter>头文件</Filter>
    </ClInclude>
    <ClInclude Include="MyZombie\implement\JalapenoZombie.hpp">
      <Filter>头文件</Filter>
    </ClInclude>
    <ClInclude Include="MyZombie\implement\WallNutZombie.hpp">
      <Filter>头文件</Filter>
    </ClInclude>
    <ClInclude Include="MyZombie\implement\TallNutZombie.hpp">
      <Filter>头文件</Filter>
    </ClInclude>
    <ClInclude Include="MyProjectile\implement\index.hpp">
      <Filter>头文件</Filter>
    </ClInclude>
    <ClInclude Include="MyProjectile\ProjectileAbility.hpp">
      <Filter>头文件</Filter>
    </ClInclude>
    <ClInclude Include="MyProjectile\implement\GoldSpike.hpp">
      <Filter>头文件</Filter>
    </ClInclude>
    <ClInclude Include="MyProjectile\implement\Cabbage.hpp">
      <Filter>头文件</Filter>
    </ClInclude>
    <ClInclude Include="MyProjectile\implement\Diamond.hpp">
      <Filter>头文件</Filter>
    </ClInclude>
    <ClInclude Include="MyProjectile\implement\GoldMelon.hpp">
      <Filter>头文件</Filter>
    </ClInclude>
    <ClInclude Include="MyPlant\implement\Barley.hpp">
      <Filter>头文件</Filter>
    </ClInclude>
    <ClInclude Include="MyPlant\implement\NoXPPlant.hpp">
      <Filter>头文件</Filter>
    </ClInclude>
    <ClInclude Include="MyPlant\implement\RestingBarley.hpp">
      <Filter>头文件</Filter>
    </ClInclude>
    <ClInclude Include="MyZombie\implement\PeaZombie.hpp">
      <Filter>头文件</Filter>
    </ClInclude>
  </ItemGroup>
  <ItemGroup>
    <ClCompile Include="dllmain.cpp">
      <Filter>源文件</Filter>
    </ClCompile>
    <ClCompile Include="pch.cpp">
      <Filter>源文件</Filter>
    </ClCompile>
    <ClCompile Include="MyBoard.cpp">
      <Filter>源文件</Filter>
    </ClCompile>
    <ClCompile Include="BoardEvents.cpp">
      <Filter>源文件</Filter>
    </ClCompile>
    <ClCompile Include="MyZombie\MyZombie.cpp">
      <Filter>源文件</Filter>
    </ClCompile>
    <ClCompile Include="MyPlant\MyPlant.cpp">
      <Filter>源文件</Filter>
    </ClCompile>
    <ClCompile Include="PlantEvents.cpp">
      <Filter>源文件</Filter>
    </ClCompile>
    <ClCompile Include="LawnmowerEvents.cpp">
      <Filter>源文件</Filter>
    </ClCompile>
    <ClCompile Include="ResourcesEvents.cpp">
      <Filter>源文件</Filter>
    </ClCompile>
    <ClCompile Include="ProjectileEvents.cpp">
      <Filter>源文件</Filter>
    </ClCompile>
    <ClCompile Include="MyProjectile\MyProjectile.cpp">
      <Filter>源文件</Filter>
    </ClCompile>
    <ClCompile Include="ZombieEvents.cpp">
      <Filter>源文件</Filter>
    </ClCompile>
    <ClCompile Include="CoinEvents.cpp">
      <Filter>源文件</Filter>
    </ClCompile>
  </ItemGroup>
</Project>